
Microsoft Visual Studio Solution File, Format Version 12.00
# Visual Studio 2013
VisualStudioVersion = 12.0.31101.0
MinimumVisualStudioVersion = 10.0.40219.1
Project("{FAE04EC0-301F-11D3-BF4B-00C04F79EFBC}") = "Quiron.LojaVirtual.Dominio", "Quiron.LojaVirtual.Dominio\Quiron.LojaVirtual.Dominio.csproj", "{BCAAB80E-BD7B-4A28-A4B7-55634CBB2136}"
EndProject
Project("{FAE04EC0-301F-11D3-BF4B-00C04F79EFBC}") = "Quiron.LojaVirtual.Web", "Quiron.LojaVirtual.Web\Quiron.LojaVirtual.Web.csproj", "{4F90EBA5-EA04-40AA-9A2D-A1C4C686CD09}"
EndProject
Project("{FAE04EC0-301F-11D3-BF4B-00C04F79EFBC}") = "Quiron.LojaVirtual.UnitTest", "Quiron.LojaVirtual.UnitTest\Quiron.LojaVirtual.UnitTest.csproj", "{C88AB77B-F4EC-422E-A709-AF981EF0E24E}"
EndProject
Global
	GlobalSection(SolutionConfigurationPlatforms) = preSolution
		Debug|Any CPU = Debug|Any CPU
		Release|Any CPU = Release|Any CPU
	EndGlobalSection
	GlobalSection(ProjectConfigurationPlatforms) = postSolution
		{BCAAB80E-BD7B-4A28-A4B7-55634CBB2136}.Debug|Any CPU.ActiveCfg = Debug|Any CPU
		{BCAAB80E-BD7B-4A28-A4B7-55634CBB2136}.Debug|Any CPU.Build.0 = Debug|Any CPU
		{BCAAB80E-BD7B-4A28-A4B7-55634CBB2136}.Release|Any CPU.ActiveCfg = Release|Any CPU
		{BCAAB80E-BD7B-4A28-A4B7-55634CBB2136}.Release|Any CPU.Build.0 = Release|Any CPU
		{4F90EBA5-EA04-40AA-9A2D-A1C4C686CD09}.Debug|Any CPU.ActiveCfg = Debug|Any CPU
		{4F90EBA5-EA04-40AA-9A2D-A1C4C686CD09}.Debug|Any CPU.Build.0 = Debug|Any CPU
		{4F90EBA5-EA04-40AA-9A2D-A1C4C686CD09}.Release|Any CPU.ActiveCfg = Release|Any CPU
		{4F90EBA5-EA04-40AA-9A2D-A1C4C686CD09}.Release|Any CPU.Build.0 = Release|Any CPU
		{C88AB77B-F4EC-422E-A709-AF981EF0E24E}.Debug|Any CPU.ActiveCfg = Debug|Any CPU
		{C88AB77B-F4EC-422E-A709-AF981EF0E24E}.Debug|Any CPU.Build.0 = Debug|Any CPU
		{C88AB77B-F4EC-422E-A709-AF981EF0E24E}.Release|Any CPU.ActiveCfg = Release|Any CPU
		{C88AB77B-F4EC-422E-A709-AF981EF0E24E}.Release|Any CPU.Build.0 = Release|Any CPU
	EndGlobalSection
	GlobalSection(SolutionProperties) = preSolution
		HideSolutionNode = FALSE
	EndGlobalSection
EndGlobal
